{
  "name": "@merginit/brandpeel-workspace",
  "version": "0.1.0",
  "lockfileVersion": 3,
  "requires": true,
  "packages": {
    "": {
      "name": "@merginit/brandpeel-workspace",
      "version": "0.1.0",
      "workspaces": [
        "packages/cli"
      ],
      "devDependencies": {
        "@zigc/cli": "0.16.0"
      },
      "engines": {
        "node": ">=22.14.0"
      }
    },
    "node_modules/@merginit/brandpeel": {
      "resolved": "packages/cli",
      "link": true
    },
    "node_modules/@merginit/brandpeel-darwin-arm64": {
      "version": "0.1.0",
      "resolved": "https://registry.npmjs.org/@merginit/brandpeel-darwin-arm64/-/brandpeel-darwin-arm64-0.1.0.tgz",
      "cpu": [
        "arm64"
      ],
      "license": "MIT",
      "optional": true,
      "os": [
        "darwin"
      ]
    },
    "node_modules/@merginit/brandpeel-darwin-x64": {
      "version": "0.1.0",
      "resolved": "https://registry.npmjs.org/@merginit/brandpeel-darwin-x64/-/brandpeel-darwin-x64-0.1.0.tgz",
      "cpu": [
        "x64"
      ],
      "license": "MIT",
      "optional": true,
      "os": [
        "darwin"
      ]
    },
    "node_modules/@merginit/brandpeel-linux-arm64": {
      "version": "0.1.0",
      "resolved": "https://registry.npmjs.org/@merginit/brandpeel-linux-arm64/-/brandpeel-linux-arm64-0.1.0.tgz",
      "cpu": [
        "arm64"
      ],
      "license": "MIT",
      "optional": true,
      "os": [
        "linux"
      ]
    },
    "node_modules/@merginit/brandpeel-linux-x64": {
      "version": "0.1.0",
      "resolved": "https://registry.npmjs.org/@merginit/brandpeel-linux-x64/-/brandpeel-linux-x64-0.1.0.tgz",
      "cpu": [
        "x64"
      ],
      "license": "MIT",
      "optional": true,
      "os": [
        "linux"
      ]
    },
    "node_modules/@merginit/brandpeel-win32-arm64": {
      "version": "0.1.0",
      "resolved": "https://registry.npmjs.org/@merginit/brandpeel-win32-arm64/-/brandpeel-win32-arm64-0.1.0.tgz",
      "cpu": [
        "arm64"
      ],
      "license": "MIT",
      "optional": true,
      "os": [
        "win32"
      ]
    },
    "node_modules/@merginit/brandpeel-win32-x64": {
      "version": "0.1.0",
      "resolved": "https://registry.npmjs.org/@merginit/brandpeel-win32-x64/-/brandpeel-win32-x64-0.1.0.tgz",
      "cpu": [
        "x64"
      ],
      "license": "MIT",
      "optional": true,
      "os": [
        "win32"
      ]
    },
    "node_modules/@zigc/cli": {
      "version": "0.16.0",
      "resolved": "https://registry.npmjs.org/@zigc/cli/-/cli-0.16.0.tgz",
      "integrity": "sha512-yAz0vJeh/+4pK8B0hCtr2ChDq6qJPLsO0jB63ZsgmiV117MeC81Y3993c4NRHWR+4wUlk2Rmv55N8q3KtBG06g==",
      "dev": true,
      "license": "MIT",
      "dependencies": {
        "@zigc/lib": "0.16.0"
      },
      "bin": {
        "zig": "bin/zig"
      },
      "optionalDependencies": {
        "@zigc/darwin-arm64": "0.16.0",
        "@zigc/darwin-x64": "0.16.0",
        "@zigc/linux-arm64": "0.16.0",
        "@zigc/linux-x64": "0.16.0",
        "@zigc/win32-arm64": "0.16.0",
        "@zigc/win32-x64": "0.16.0"
      }
    },
    "node_modules/@zigc/darwin-arm64": {
      "version": "0.16.0",
      "resolved": "https://registry.npmjs.org/@zigc/darwin-arm64/-/darwin-arm64-0.16.0.tgz",
      "integrity": "sha512-ZIxIwr8EZJcpbYe5DCUrgoBd4MKENhzXSpv77VkwpZ9tNUuogX6+YZd7iesUo/ejRtLdVTNm3VDKKs8sBMvRzQ==",
      "cpu": [
        "arm64"
      ],
      "dev": true,
      "license": "MIT",
      "optional": true,
      "os": [
        "darwin"
      ],
      "bin": {
        "zig": "bin/zig"
      }
    },
    "node_modules/@zigc/darwin-x64": {
      "version": "0.16.0",
      "resolved": "https://registry.npmjs.org/@zigc/darwin-x64/-/darwin-x64-0.16.0.tgz",
      "integrity": "sha512-W+Ym1zG99mwnosW2Og9e9X4Wiz3gEYGYDgcAui6rTR+/1W1uaFiEBtbeGMH9EYHCxwpif5qlnDCGm598Jpnr9Q==",
      "cpu": [
        "x64"
      ],
      "dev": true,
      "license": "MIT",
      "optional": true,
      "os": [
        "darwin"
      ],
      "bin": {
        "zig": "bin/zig"
      }
    },
    "node_modules/@zigc/lib": {
      "version": "0.16.0",
      "resolved": "https://registry.npmjs.org/@zigc/lib/-/lib-0.16.0.tgz",
      "integrity": "sha512-btxgqPJy93rwlcypaMHLLGjvtj/t1km+KUKjlCCxKV+UpayeI1v6ybXt4/jFI3ufDKoLe9GLKTpsX8bavMEygA==",
      "dev": true,
      "license": "MIT"
    },
    "node_modules/@zigc/linux-arm64": {
      "version": "0.16.0",
      "resolved": "https://registry.npmjs.org/@zigc/linux-arm64/-/linux-arm64-0.16.0.tgz",
      "integrity": "sha512-n48rfJzQUNYIYR1jHARxC92ne1p0p/XXL/aQabE9QBJNk0dmIONvIhrXWAUpcutBYXixQhGtxrBwdYD2U04S2A==",
      "cpu": [
        "arm64"
      ],
      "dev": true,
      "license": "MIT",
      "optional": true,
      "os": [
        "linux"
      ],
      "bin": {
        "zig": "bin/zig"
      }
    },
    "node_modules/@zigc/linux-x64": {
      "version": "0.16.0",
      "resolved": "https://registry.npmjs.org/@zigc/linux-x64/-/linux-x64-0.16.0.tgz",
      "integrity": "sha512-zVSGKmIZb5w+ot3eDdoF7GzvICN1e6mwGIAgavDiQR0stXnJu9UgOMppcIKqP5fG5ecsH6jsIf9rThd3ZI/dlQ==",
      "cpu": [
        "x64"
      ],
      "dev": true,
      "license": "MIT",
      "optional": true,
      "os": [
        "linux"
      ],
      "bin": {
        "zig": "bin/zig"
      }
    },
    "node_modules/@zigc/win32-arm64": {
      "version": "0.16.0",
      "resolved": "https://registry.npmjs.org/@zigc/win32-arm64/-/win32-arm64-0.16.0.tgz",
      "integrity": "sha512-ZOj2f+MkFZfYF24DvtaRdbVlvqimqsSNejiiE7ZYqMNykI7H2cie+cDjTtjGhaAVY/4/l1miZBJmEfQIz8bXSg==",
      "cpu": [
        "arm64"
      ],
      "dev": true,
      "license": "MIT",
      "optional": true,
      "os": [
        "win32"
      ],
      "bin": {
        "zig": "bin/zig.exe"
      }
    },
    "node_modules/@zigc/win32-x64": {
      "version": "0.16.0",
      "resolved": "https://registry.npmjs.org/@zigc/win32-x64/-/win32-x64-0.16.0.tgz",
      "integrity": "sha512-XNUNSswQz7VzT4QbayiZoWRPyYN5tsusjuJ13G8VmzGOJsKJxNWt5qOjU92odNQnXsU32tFlFNCjAE6PeHt1qg==",
      "cpu": [
        "x64"
      ],
      "dev": true,
      "license": "MIT",
      "optional": true,
      "os": [
        "win32"
      ],
      "bin": {
        "zig": "bin/zig.exe"
      }
    },
    "packages/cli": {
      "name": "@merginit/brandpeel",
      "version": "0.1.0",
      "license": "MIT",
      "bin": {
        "brandpeel": "bin/brandpeel.js"
      },
      "engines": {
        "node": ">=20"
      },
      "optionalDependencies": {
        "@merginit/brandpeel-darwin-arm64": "0.1.0",
        "@merginit/brandpeel-darwin-x64": "0.1.0",
        "@merginit/brandpeel-linux-arm64": "0.1.0",
        "@merginit/brandpeel-linux-x64": "0.1.0",
        "@merginit/brandpeel-win32-arm64": "0.1.0",
        "@merginit/brandpeel-win32-x64": "0.1.0"
      }
    }
  }
}
